
Microsoft Visual Studio Solution File, Format Version 12.00
# Visual Studio Version 16
VisualStudioVersion = 16.0.30621.155
MinimumVisualStudioVersion = 10.0.40219.1
Project("{FAE04EC0-301F-11D3-BF4B-00C04F79EFBC}") = "Morty", "Morty\Morty.csproj", "{9F9F75F1-EFE7-4703-90AA-C19D75BFE897}"
EndProject
Global
	GlobalSection(SolutionConfigurationPlatforms) = preSolution
		Debug|Any CPU = Debug|Any CPU
		Release|Any CPU = Release|Any CPU
	EndGlobalSection
	GlobalSection(ProjectConfigurationPlatforms) = postSolution
		{9F9F75F1-EFE7-4703-90AA-C19D75BFE897}.Debug|Any CPU.ActiveCfg = Debug|Any CPU
		{9F9F75F1-EFE7-4703-90AA-C19D75BFE897}.Debug|Any CPU.Build.0 = Debug|Any CPU
		{9F9F75F1-EFE7-4703-90AA-C19D75BFE897}.Release|Any CPU.ActiveCfg = Release|Any CPU
		{9F9F75F1-EFE7-4703-90AA-C19D75BFE897}.Release|Any CPU.Build.0 = Release|Any CPU
	EndGlobalSection
	GlobalSection(SolutionProperties) = preSolution
		HideSolutionNode = FALSE
	EndGlobalSection
	GlobalSection(ExtensibilityGlobals) = postSolution
		SolutionGuid = {6DDBE1E0-5CFF-413F-8CE3-E9DA841A64F4}
	EndGlobalSection
EndGlobal
