
Microsoft Visual Studio Solution File, Format Version 12.00
# Visual Studio Version 16
VisualStudioVersion = 16.0.30804.86
MinimumVisualStudioVersion = 10.0.40219.1
Project("{FAE04EC0-301F-11D3-BF4B-00C04F79EFBC}") = "H6", "H6\H6.csproj", "{14FF82E8-4502-4322-B63E-9AAF61AD24EB}"
EndProject
Global
	GlobalSection(SolutionConfigurationPlatforms) = preSolution
		Debug|Any CPU = Debug|Any CPU
		Release|Any CPU = Release|Any CPU
	EndGlobalSection
	GlobalSection(ProjectConfigurationPlatforms) = postSolution
		{14FF82E8-4502-4322-B63E-9AAF61AD24EB}.Debug|Any CPU.ActiveCfg = Debug|Any CPU
		{14FF82E8-4502-4322-B63E-9AAF61AD24EB}.Debug|Any CPU.Build.0 = Debug|Any CPU
		{14FF82E8-4502-4322-B63E-9AAF61AD24EB}.Release|Any CPU.ActiveCfg = Release|Any CPU
		{14FF82E8-4502-4322-B63E-9AAF61AD24EB}.Release|Any CPU.Build.0 = Release|Any CPU
	EndGlobalSection
	GlobalSection(SolutionProperties) = preSolution
		HideSolutionNode = FALSE
	EndGlobalSection
	GlobalSection(ExtensibilityGlobals) = postSolution
		SolutionGuid = {FF800DCB-21DD-48F6-A61D-D4A66714D592}
	EndGlobalSection
EndGlobal
